{
  "version": 4,
  "terraform_version": "1.14.0",
  "serial": 8,
  "lineage": "32e81f5c-e42e-e0c1-baf3-5bb5518e5beb",
  "outputs": {
    "app_url": {
      "value": "http://35.238.114.141:8080",
      "type": "string"
    }
  },
  "resources": [
    {
      "mode": "managed",
      "type": "google_compute_firewall",
      "name": "allow-markdown-8080",
      "provider": "provider[\"registry.terraform.io/hashicorp/google\"]",
      "instances": [
        {
          "schema_version": 1,
          "attributes": {
            "allow": [
              {
                "ports": [
                  "8080"
                ],
                "protocol": "tcp"
              }
            ],
            "creation_timestamp": "2025-12-01T17:56:50.281-08:00",
            "deny": [],
            "description": "",
            "destination_ranges": [],
            "direction": "INGRESS",
            "disabled": false,
            "enable_logging": null,
            "id": "projects/mlops-lab-477022/global/firewalls/allow-markdown-8080",
            "log_config": [],
            "name": "allow-markdown-8080",
            "network": "https://www.googleapis.com/compute/v1/projects/mlops-lab-477022/global/networks/default",
            "params": [],
            "priority": 1000,
            "project": "mlops-lab-477022",
            "self_link": "https://www.googleapis.com/compute/v1/projects/mlops-lab-477022/global/firewalls/allow-markdown-8080",
            "source_ranges": [
              "0.0.0.0/0"
            ],
            "source_service_accounts": null,
            "source_tags": null,
            "target_service_accounts": null,
            "target_tags": [
              "markdown-app"
            ],
            "timeouts": null
          },
          "sensitive_attributes": [],
          "identity_schema_version": 0,
          "private": "eyJlMmJmYjczMC1lY2FhLTExZTYtOGY4OC0zNDM2M2JjN2M0YzAiOnsiY3JlYXRlIjoxMjAwMDAwMDAwMDAwLCJkZWxldGUiOjEyMDAwMDAwMDAwMDAsInVwZGF0ZSI6MTIwMDAwMDAwMDAwMH0sInNjaGVtYV92ZXJzaW9uIjoiMSJ9"
        }
      ]
    },
    {
      "mode": "managed",
      "type": "google_compute_instance",
      "name": "vm_instance",
      "provider": "provider[\"registry.terraform.io/hashicorp/google\"]",
      "instances": [
        {
          "schema_version": 6,
          "attributes": {
            "advanced_machine_features": [],
            "allow_stopping_for_update": null,
            "attached_disk": [],
            "boot_disk": [
              {
                "auto_delete": true,
                "device_name": "persistent-disk-0",
                "disk_encryption_key_raw": "",
                "disk_encryption_key_rsa": "",
                "disk_encryption_key_sha256": "",
                "disk_encryption_service_account": "",
                "force_attach": false,
                "guest_os_features": [
                  "UEFI_COMPATIBLE",
                  "VIRTIO_SCSI_MULTIQUEUE",
                  "GVNIC"
                ],
                "initialize_params": [
                  {
                    "architecture": "X86_64",
                    "enable_confidential_compute": false,
                    "image": "https://www.googleapis.com/compute/v1/projects/debian-cloud/global/images/debian-11-bullseye-v20251111",
                    "labels": {},
                    "provisioned_iops": 0,
                    "provisioned_throughput": 0,
                    "resource_manager_tags": null,
                    "resource_policies": [],
                    "size": 10,
                    "snapshot": "",
                    "source_image_encryption_key": [],
                    "source_snapshot_encryption_key": [],
                    "storage_pool": "",
                    "type": "pd-standard"
                  }
                ],
                "interface": "",
                "kms_key_self_link": "",
                "mode": "READ_WRITE",
                "source": "https://www.googleapis.com/compute/v1/projects/mlops-lab-477022/zones/us-central1-a/disks/terraform-markdown-vm"
              }
            ],
            "can_ip_forward": false,
            "confidential_instance_config": [],
            "cpu_platform": "Intel Broadwell",
            "creation_timestamp": "2025-12-01T17:56:51.949-08:00",
            "current_status": "RUNNING",
            "deletion_protection": false,
            "description": "",
            "desired_status": null,
            "effective_labels": {
              "goog-terraform-provisioned": "true",
              "purpose": "markdown-lab"
            },
            "enable_display": false,
            "guest_accelerator": [],
            "hostname": "",
            "id": "projects/mlops-lab-477022/zones/us-central1-a/instances/terraform-markdown-vm",
            "instance_encryption_key": [],
            "instance_id": "9209979786443880844",
            "key_revocation_action_type": "",
            "label_fingerprint": "ky4n7anJ2IY=",
            "labels": {
              "purpose": "markdown-lab"
            },
            "machine_type": "e2-micro",
            "metadata": null,
            "metadata_fingerprint": "vXzHr4PtLsE=",
            "metadata_startup_script": "    #!/bin/bash\n    exec \u003e /var/log/startup-script.log 2\u003e\u00261\n    set -eux\n\n    # Install Python and pip\n    apt-get update -y\n    apt-get install -y python3 python3-pip\n\n    # Create app directory\n    mkdir -p /opt/markdown_app\n\n    # Write the Flask app code to the VM\n    cat \u003c\u003c 'PYEOF' \u003e/opt/markdown_app/markdown_web.py\nfrom flask import Flask, request, render_template_string\nimport markdown\n\napp = Flask(__name__)\n\nPAGE = \"\"\"\n\u003c!doctype html\u003e\n\u003chtml lang=\"en\"\u003e\n\u003chead\u003e\n  \u003cmeta charset=\"utf-8\"\u003e\n  \u003ctitle\u003eMarkdown Previewer\u003c/title\u003e\n  \u003cstyle\u003e\n    body { font-family: sans-serif; max-width: 1200px; margin: 0 auto; padding: 20px; }\n    h1 { text-align: center; }\n    .container { display: flex; gap: 20px; height: 60vh; }\n    .box { flex: 1; display: flex; flex-direction: column; }\n    textarea { flex: 1; padding: 10px; font-family: monospace; font-size: 14px; }\n    .preview { flex: 1; padding: 10px; border: 1px solid #ccc; background: #f9f9f9; overflow-y: auto; }\n    button { margin-top: 10px; padding: 10px 20px; font-size: 16px; cursor: pointer; background: #007bff; color: white; border: none; }\n  \u003c/style\u003e\n\u003c/head\u003e\n\u003cbody\u003e\n  \u003ch1\u003eMarkdown to HTML Previewer\u003c/h1\u003e \n  \u003cform method=\"post\"\u003e\n    \u003cdiv class=\"container\"\u003e\n      \u003cdiv class=\"box\"\u003e\n        \u003ch3\u003eMarkdown Input\u003c/h3\u003e\n        \u003ctextarea name=\"md_text\" placeholder=\"# Type Markdown here...\"\u003e{{ md_text }}\u003c/textarea\u003e\n      \u003c/div\u003e\n      \u003cdiv class=\"box\"\u003e\n        \u003ch3\u003eHTML Preview\u003c/h3\u003e\n        \u003cdiv class=\"preview\"\u003e\n          {{ html_result|safe }}\n        \u003c/div\u003e\n      \u003c/div\u003e\n    \u003c/div\u003e\n    \u003cdiv style=\"text-align: center;\"\u003e\n      \u003cbutton type=\"submit\"\u003eConvert / Preview\u003c/button\u003e\n    \u003c/div\u003e\n  \u003c/form\u003e\n\u003c/body\u003e\n\u003c/html\u003e\n\"\"\"\n\n@app.route(\"/\", methods=[\"GET\", \"POST\"])\ndef index():\n    md_text = \"\"\n    html_result = \"\"\n    if request.method == \"POST\":\n        md_text = request.form.get(\"md_text\", \"\")\n        try:\n            html_result = markdown.markdown(md_text, extensions=['extra'])\n        except Exception as e:\n            html_result = f\"\u003cp style='color:red'\u003eError: {e}\u003c/p\u003e\"\n\n    return render_template_string(PAGE, md_text=md_text, html_result=html_result)\n\nif __name__ == \"__main__\":\n    app.run(host=\"0.0.0.0\", port=8080)\nPYEOF\n\n    # Install Python dependencies\n    pip3 install flask markdown\n\n    # Run the app in the background\n    nohup python3 /opt/markdown_app/markdown_web.py \u003e /var/log/markdown_web.log 2\u003e\u00261 \u0026\n",
            "min_cpu_platform": "",
            "name": "terraform-markdown-vm",
            "network_interface": [
              {
                "access_config": [
                  {
                    "nat_ip": "35.238.114.141",
                    "network_tier": "PREMIUM",
                    "public_ptr_domain_name": ""
                  }
                ],
                "alias_ip_range": [],
                "internal_ipv6_prefix_length": 0,
                "ipv6_access_config": [],
                "ipv6_access_type": "",
                "ipv6_address": "",
                "name": "nic0",
                "network": "https://www.googleapis.com/compute/v1/projects/mlops-lab-477022/global/networks/default",
                "network_attachment": "",
                "network_ip": "10.128.0.2",
                "nic_type": "",
                "queue_count": 0,
                "stack_type": "IPV4_ONLY",
                "subnetwork": "https://www.googleapis.com/compute/v1/projects/mlops-lab-477022/regions/us-central1/subnetworks/default",
                "subnetwork_project": "mlops-lab-477022"
              }
            ],
            "network_performance_config": [],
            "params": [],
            "project": "mlops-lab-477022",
            "reservation_affinity": [],
            "resource_policies": null,
            "scheduling": [
              {
                "automatic_restart": true,
                "availability_domain": 0,
                "instance_termination_action": "",
                "local_ssd_recovery_timeout": [],
                "max_run_duration": [],
                "min_node_cpus": 0,
                "node_affinities": [],
                "on_host_maintenance": "MIGRATE",
                "on_instance_stop_action": [],
                "preemptible": false,
                "provisioning_model": "STANDARD",
                "termination_time": ""
              }
            ],
            "scratch_disk": [],
            "self_link": "https://www.googleapis.com/compute/v1/projects/mlops-lab-477022/zones/us-central1-a/instances/terraform-markdown-vm",
            "service_account": [],
            "shielded_instance_config": [
              {
                "enable_integrity_monitoring": true,
                "enable_secure_boot": false,
                "enable_vtpm": true
              }
            ],
            "tags": [
              "markdown-app"
            ],
            "tags_fingerprint": "D2Ws7O4CyaY=",
            "terraform_labels": {
              "goog-terraform-provisioned": "true",
              "purpose": "markdown-lab"
            },
            "timeouts": null,
            "zone": "us-central1-a"
          },
          "sensitive_attributes": [
            [
              {
                "type": "get_attr",
                "value": "boot_disk"
              },
              {
                "type": "index",
                "value": {
                  "value": 0,
                  "type": "number"
                }
              },
              {
                "type": "get_attr",
                "value": "disk_encryption_key_raw"
              }
            ],
            [
              {
                "type": "get_attr",
                "value": "boot_disk"
              },
              {
                "type": "index",
                "value": {
                  "value": 0,
                  "type": "number"
                }
              },
              {
                "type": "get_attr",
                "value": "disk_encryption_key_rsa"
              }
            ]
          ],
          "identity_schema_version": 0,
          "private": "eyJlMmJmYjczMC1lY2FhLTExZTYtOGY4OC0zNDM2M2JjN2M0YzAiOnsiY3JlYXRlIjoxMjAwMDAwMDAwMDAwLCJkZWxldGUiOjEyMDAwMDAwMDAwMDAsInVwZGF0ZSI6MTIwMDAwMDAwMDAwMH0sInNjaGVtYV92ZXJzaW9uIjoiNiJ9"
        }
      ]
    },
    {
      "mode": "managed",
      "type": "google_storage_bucket",
      "name": "markdown_bucket",
      "provider": "provider[\"registry.terraform.io/hashicorp/google\"]",
      "instances": [
        {
          "schema_version": 4,
          "attributes": {
            "autoclass": [],
            "cors": [],
            "custom_placement_config": [],
            "default_event_based_hold": false,
            "effective_labels": {
              "goog-terraform-provisioned": "true"
            },
            "enable_object_retention": false,
            "encryption": [],
            "force_destroy": true,
            "hierarchical_namespace": [
              {
                "enabled": false
              }
            ],
            "id": "markdown-lab-bucket-19f90203",
            "ip_filter": [],
            "labels": {},
            "lifecycle_rule": [],
            "location": "US-CENTRAL1",
            "logging": [],
            "name": "markdown-lab-bucket-19f90203",
            "project": "mlops-lab-477022",
            "project_number": 959003002621,
            "public_access_prevention": "inherited",
            "requester_pays": false,
            "retention_policy": [],
            "rpo": null,
            "self_link": "https://www.googleapis.com/storage/v1/b/markdown-lab-bucket-19f90203",
            "soft_delete_policy": [
              {
                "effective_time": "2025-12-02T01:54:04.883Z",
                "retention_duration_seconds": 604800
              }
            ],
            "storage_class": "STANDARD",
            "terraform_labels": {
              "goog-terraform-provisioned": "true"
            },
            "time_created": "2025-12-02T01:54:04.883Z",
            "timeouts": null,
            "uniform_bucket_level_access": false,
            "updated": "2025-12-02T01:54:04.883Z",
            "url": "gs://markdown-lab-bucket-19f90203",
            "versioning": [],
            "website": []
          },
          "sensitive_attributes": [],
          "identity_schema_version": 0,
          "private": "eyJlMmJmYjczMC1lY2FhLTExZTYtOGY4OC0zNDM2M2JjN2M0YzAiOnsiY3JlYXRlIjo2MDAwMDAwMDAwMDAsInJlYWQiOjI0MDAwMDAwMDAwMCwidXBkYXRlIjoyNDAwMDAwMDAwMDB9LCJzY2hlbWFfdmVyc2lvbiI6IjQifQ==",
          "dependencies": [
            "random_id.bucket_suffix"
          ]
        }
      ]
    },
    {
      "mode": "managed",
      "type": "random_id",
      "name": "bucket_suffix",
      "provider": "provider[\"registry.terraform.io/hashicorp/random\"]",
      "instances": [
        {
          "schema_version": 0,
          "attributes": {
            "b64_std": "GfkCAw==",
            "b64_url": "GfkCAw",
            "byte_length": 4,
            "dec": "435749379",
            "hex": "19f90203",
            "id": "GfkCAw",
            "keepers": null,
            "prefix": null
          },
          "sensitive_attributes": [],
          "identity_schema_version": 0
        }
      ]
    }
  ],
  "check_results": null
}
